{
  "nodes": {
    "flake-utils": {
      "locked": {
        "lastModified": 1619345332,
        "narHash": "sha256-qHnQkEp1uklKTpx3MvKtY6xzgcqXDsz5nLilbbuL+3A=",
        "owner": "numtide",
        "repo": "flake-utils",
        "rev": "2ebf2558e5bf978c7fb8ea927dfaed8fefab2e28",
        "type": "github"
      },
      "original": {
        "owner": "numtide",
        "repo": "flake-utils",
        "type": "github"
      }
    },
    "home-manager": {
      "inputs": {
        "nixpkgs": "nixpkgs"
      },
      "locked": {
        "lastModified": 1619330208,
        "narHash": "sha256-l2Ci3ZPsdjMoWtRdTEQQBOkYUisKYxfjeUs5QCTtuEY=",
        "owner": "nix-community",
        "repo": "home-manager",
        "rev": "827636c619ce0d8178ddc08ab86ee92b50f2e5b4",
        "type": "github"
      },
      "original": {
        "owner": "nix-community",
        "repo": "home-manager",
        "type": "github"
      }
    },
    "nixpkgs": {
      "locked": {
        "lastModified": 1619323048,
        "narHash": "sha256-wiLspuRrtX4JPO2Xpd0ySsaN+g5i5BVfslCfcIcHSrU=",
        "path": "/nix/store/fkjfrpn7yhjwaqrqfp8ifwgfiixc2lxg-source",
        "rev": "1fe6ed37fd9beb92afe90671c0c2a662a03463dd",
        "type": "path"
      },
      "original": {
        "id": "nixpkgs",
        "type": "indirect"
      }
    },
    "nur": {
      "locked": {
        "lastModified": 1619510567,
        "narHash": "sha256-kywF75HXI2wk/oE6Hcgh7+NTRXyYrHljQlghkxNZezI=",
        "owner": "nix-community",
        "repo": "NUR",
        "rev": "cdea7d000e8e4c39f5c1c00ef4a5fda019d4dadb",
        "type": "github"
      },
      "original": {
        "owner": "nix-community",
        "repo": "NUR",
        "type": "github"
      }
    },
    "root": {
      "inputs": {
        "home-manager": "home-manager",
        "nur": "nur",
        "unstable": "unstable",
        "utils": "utils"
      }
    },
    "unstable": {
      "locked": {
        "lastModified": 1619323048,
        "narHash": "sha256-wiLspuRrtX4JPO2Xpd0ySsaN+g5i5BVfslCfcIcHSrU=",
        "owner": "nixos",
        "repo": "nixpkgs",
        "rev": "1fe6ed37fd9beb92afe90671c0c2a662a03463dd",
        "type": "github"
      },
      "original": {
        "owner": "nixos",
        "ref": "nixos-unstable",
        "repo": "nixpkgs",
        "type": "github"
      }
    },
    "utils": {
      "inputs": {
        "flake-utils": "flake-utils"
      },
      "locked": {
        "lastModified": 1619480667,
        "narHash": "sha256-KBiMpZcCv7D3wQ51ow7Sq8Xl01hDiRp5f7Py93CeD40=",
        "owner": "gytis-ivaskevicius",
        "repo": "flake-utils-plus",
        "rev": "be032a4396ad4cd7ea9bb733db8e456ec339ac9c",
        "type": "github"
      },
      "original": {
        "owner": "gytis-ivaskevicius",
        "ref": "staging",
        "repo": "flake-utils-plus",
        "type": "github"
      }
    }
  },
  "root": "root",
  "version": 7
}
