{
  "nodes": {
    "flake-utils": {
      "locked": {
        "lastModified": 1619345332,
        "narHash": "sha256-qHnQkEp1uklKTpx3MvKtY6xzgcqXDsz5nLilbbuL+3A=",
        "owner": "numtide",
        "repo": "flake-utils",
        "rev": "2ebf2558e5bf978c7fb8ea927dfaed8fefab2e28",
        "type": "github"
      },
      "original": {
        "owner": "numtide",
        "repo": "flake-utils",
        "type": "github"
      }
    },
    "home-manager": {
      "inputs": {
        "nixpkgs": "nixpkgs"
      },
      "locked": {
        "lastModified": 1619330208,
        "narHash": "sha256-l2Ci3ZPsdjMoWtRdTEQQBOkYUisKYxfjeUs5QCTtuEY=",
        "owner": "nix-community",
        "repo": "home-manager",
        "rev": "827636c619ce0d8178ddc08ab86ee92b50f2e5b4",
        "type": "github"
      },
      "original": {
        "owner": "nix-community",
        "repo": "home-manager",
        "type": "github"
      }
    },
    "nixpkgs": {
      "locked": {
        "lastModified": 1619464443,
        "narHash": "sha256-R7WAb8EnkIJxxaF6GTHUPytjonhB4Zm0iatyWoW169A=",
        "owner": "NixOS",
        "repo": "nixpkgs",
        "rev": "8e4fe32876ca15e3d5eb3ecd3ca0b224417f5f17",
        "type": "github"
      },
      "original": {
        "id": "nixpkgs",
        "type": "indirect"
      }
    },
    "nixpkgs_2": {
      "locked": {
        "lastModified": 1619323048,
        "narHash": "sha256-wiLspuRrtX4JPO2Xpd0ySsaN+g5i5BVfslCfcIcHSrU=",
        "owner": "nixos",
        "repo": "nixpkgs",
        "rev": "1fe6ed37fd9beb92afe90671c0c2a662a03463dd",
        "type": "github"
      },
      "original": {
        "owner": "nixos",
        "ref": "nixos-unstable",
        "repo": "nixpkgs",
        "type": "github"
      }
    },
    "nur": {
      "locked": {
        "lastModified": 1619464685,
        "narHash": "sha256-DLPihCAHTdL3zqcJ1ECAMsEuIYN57BYp+gEWzzzBugI=",
        "owner": "nix-community",
        "repo": "NUR",
        "rev": "a5b4ff565346f9349229f1a99ed65e0cfb1ea2ff",
        "type": "github"
      },
      "original": {
        "owner": "nix-community",
        "repo": "NUR",
        "type": "github"
      }
    },
    "root": {
      "inputs": {
        "home-manager": "home-manager",
        "nixpkgs": "nixpkgs_2",
        "nur": "nur",
        "utils": "utils"
      }
    },
    "utils": {
      "inputs": {
        "flake-utils": "flake-utils"
      },
      "locked": {
        "lastModified": 1619438935,
        "narHash": "sha256-B8OGqX9QBMW5G8DYTRdY0cb62ETaV0YxBayCZMiaVqQ=",
        "owner": "gytis-ivaskevicius",
        "repo": "flake-utils-plus",
        "rev": "80b53eeda3102bb5aed31ec818c6485e35caffc3",
        "type": "github"
      },
      "original": {
        "owner": "gytis-ivaskevicius",
        "ref": "staging",
        "repo": "flake-utils-plus",
        "type": "github"
      }
    }
  },
  "root": "root",
  "version": 7
}
